
Microsoft Visual Studio Solution File, Format Version 12.00
# Visual Studio 15
VisualStudioVersion = 15.0.28307.168
MinimumVisualStudioVersion = 10.0.40219.1
Project("{FAE04EC0-301F-11D3-BF4B-00C04F79EFBC}") = "doubler", "doubler.csproj", "{27ACC1A5-642F-4B34-BD27-0E84B959487B}"
EndProject
Global
	GlobalSection(SolutionConfigurationPlatforms) = preSolution
		Debug|Any CPU = Debug|Any CPU
		Release|Any CPU = Release|Any CPU
	EndGlobalSection
	GlobalSection(ProjectConfigurationPlatforms) = postSolution
		{27ACC1A5-642F-4B34-BD27-0E84B959487B}.Debug|Any CPU.ActiveCfg = Debug|Any CPU
		{27ACC1A5-642F-4B34-BD27-0E84B959487B}.Debug|Any CPU.Build.0 = Debug|Any CPU
		{27ACC1A5-642F-4B34-BD27-0E84B959487B}.Release|Any CPU.ActiveCfg = Release|Any CPU
		{27ACC1A5-642F-4B34-BD27-0E84B959487B}.Release|Any CPU.Build.0 = Release|Any CPU
	EndGlobalSection
	GlobalSection(SolutionProperties) = preSolution
		HideSolutionNode = FALSE
	EndGlobalSection
	GlobalSection(ExtensibilityGlobals) = postSolution
		SolutionGuid = {2C4200F2-269D-4C8C-AF61-6932466243EC}
	EndGlobalSection
EndGlobal
