
Microsoft Visual Studio Solution File, Format Version 12.00
# Visual Studio 15
VisualStudioVersion = 15.0.28307.168
MinimumVisualStudioVersion = 10.0.40219.1
Project("{FAE04EC0-301F-11D3-BF4B-00C04F79EFBC}") = "Word Evaluator", "Word Evaluator.csproj", "{034A0C81-CF72-43E3-84D0-21BC360C36E5}"
EndProject
Global
	GlobalSection(SolutionConfigurationPlatforms) = preSolution
		Debug|Any CPU = Debug|Any CPU
		Release|Any CPU = Release|Any CPU
	EndGlobalSection
	GlobalSection(ProjectConfigurationPlatforms) = postSolution
		{034A0C81-CF72-43E3-84D0-21BC360C36E5}.Debug|Any CPU.ActiveCfg = Debug|Any CPU
		{034A0C81-CF72-43E3-84D0-21BC360C36E5}.Debug|Any CPU.Build.0 = Debug|Any CPU
		{034A0C81-CF72-43E3-84D0-21BC360C36E5}.Release|Any CPU.ActiveCfg = Release|Any CPU
		{034A0C81-CF72-43E3-84D0-21BC360C36E5}.Release|Any CPU.Build.0 = Release|Any CPU
	EndGlobalSection
	GlobalSection(SolutionProperties) = preSolution
		HideSolutionNode = FALSE
	EndGlobalSection
	GlobalSection(ExtensibilityGlobals) = postSolution
		SolutionGuid = {83A43953-0989-47D6-8E4E-0F233D43663D}
	EndGlobalSection
EndGlobal
